
Microsoft Visual Studio Solution File, Format Version 12.00
# Visual Studio Version 16
VisualStudioVersion = 16.0.29411.108
MinimumVisualStudioVersion = 10.0.40219.1
Project("{FAE04EC0-301F-11D3-BF4B-00C04F79EFBC}") = "ConsoleApp1", "ConsoleApp1\ConsoleApp1.csproj", "{48B1F231-4343-45CA-A192-62EA8BD1EE01}"
EndProject
Global
	GlobalSection(SolutionConfigurationPlatforms) = preSolution
		Debug|Any CPU = Debug|Any CPU
		Release|Any CPU = Release|Any CPU
	EndGlobalSection
	GlobalSection(ProjectConfigurationPlatforms) = postSolution
		{48B1F231-4343-45CA-A192-62EA8BD1EE01}.Debug|Any CPU.ActiveCfg = Debug|Any CPU
		{48B1F231-4343-45CA-A192-62EA8BD1EE01}.Debug|Any CPU.Build.0 = Debug|Any CPU
		{48B1F231-4343-45CA-A192-62EA8BD1EE01}.Release|Any CPU.ActiveCfg = Release|Any CPU
		{48B1F231-4343-45CA-A192-62EA8BD1EE01}.Release|Any CPU.Build.0 = Release|Any CPU
	EndGlobalSection
	GlobalSection(SolutionProperties) = preSolution
		HideSolutionNode = FALSE
	EndGlobalSection
	GlobalSection(ExtensibilityGlobals) = postSolution
		SolutionGuid = {FF552F5B-F5CA-4E40-82FE-3D61DED53C88}
	EndGlobalSection
EndGlobal
